
Microsoft Visual Studio Solution File, Format Version 12.00
# Visual Studio Version 17
VisualStudioVersion = 17.9.34728.123
MinimumVisualStudioVersion = 10.0.40219.1
Project("{FAE04EC0-301F-11D3-BF4B-00C04F79EFBC}") = "audioplayer", "audioplayer\audioplayer.csproj", "{7913162A-4DA0-4596-B819-0EE08931CD4D}"
EndProject
Global
	GlobalSection(SolutionConfigurationPlatforms) = preSolution
		Debug|Any CPU = Debug|Any CPU
		Release|Any CPU = Release|Any CPU
	EndGlobalSection
	GlobalSection(ProjectConfigurationPlatforms) = postSolution
		{7913162A-4DA0-4596-B819-0EE08931CD4D}.Debug|Any CPU.ActiveCfg = Debug|Any CPU
		{7913162A-4DA0-4596-B819-0EE08931CD4D}.Debug|Any CPU.Build.0 = Debug|Any CPU
		{7913162A-4DA0-4596-B819-0EE08931CD4D}.Release|Any CPU.ActiveCfg = Release|Any CPU
		{7913162A-4DA0-4596-B819-0EE08931CD4D}.Release|Any CPU.Build.0 = Release|Any CPU
	EndGlobalSection
	GlobalSection(SolutionProperties) = preSolution
		HideSolutionNode = FALSE
	EndGlobalSection
	GlobalSection(ExtensibilityGlobals) = postSolution
		SolutionGuid = {0D3D0ECD-1399-4848-8142-AFC1AA7B483F}
	EndGlobalSection
EndGlobal
